
Microsoft Visual Studio Solution File, Format Version 12.00
# Visual Studio 15
VisualStudioVersion = 15.0.26730.16
MinimumVisualStudioVersion = 10.0.40219.1
Project("{FAE04EC0-301F-11D3-BF4B-00C04F79EFBC}") = "ConsoleApp1", "ConsoleApp1\ConsoleApp1.csproj", "{BCCD0678-224A-4857-8221-1B3CCFF18094}"
EndProject
Global
	GlobalSection(SolutionConfigurationPlatforms) = preSolution
		Debug|Any CPU = Debug|Any CPU
		Release|Any CPU = Release|Any CPU
	EndGlobalSection
	GlobalSection(ProjectConfigurationPlatforms) = postSolution
		{BCCD0678-224A-4857-8221-1B3CCFF18094}.Debug|Any CPU.ActiveCfg = Debug|Any CPU
		{BCCD0678-224A-4857-8221-1B3CCFF18094}.Debug|Any CPU.Build.0 = Debug|Any CPU
		{BCCD0678-224A-4857-8221-1B3CCFF18094}.Release|Any CPU.ActiveCfg = Release|Any CPU
		{BCCD0678-224A-4857-8221-1B3CCFF18094}.Release|Any CPU.Build.0 = Release|Any CPU
	EndGlobalSection
	GlobalSection(SolutionProperties) = preSolution
		HideSolutionNode = FALSE
	EndGlobalSection
	GlobalSection(ExtensibilityGlobals) = postSolution
		SolutionGuid = {F8092A4C-DE38-4E0F-AF9C-F6AF9AF1D6A0}
	EndGlobalSection
EndGlobal
